
Microsoft Visual Studio Solution File, Format Version 12.00
# Visual Studio 15
VisualStudioVersion = 15.0.27428.2005
MinimumVisualStudioVersion = 10.0.40219.1
Project("{8BC9CEB8-8B4A-11D0-8D11-00A0C91BC942}") = "Lab1", "Lab1\Lab1.vcxproj", "{DC2A9875-8646-4CEC-982B-6F36092F01ED}"
EndProject
Project("{8BC9CEB8-8B4A-11D0-8D11-00A0C91BC942}") = "Lab2", "Lab2\Lab2.vcxproj", "{F993FE83-7FDE-4FF6-A894-9CFF37603F53}"
EndProject
Project("{8BC9CEB8-8B4A-11D0-8D11-00A0C91BC942}") = "Lab3", "Lab3\Lab3.vcxproj", "{F6952ED1-47C0-4237-8794-3A40EEF28F88}"
EndProject
Project("{8BC9CEB8-8B4A-11D0-8D11-00A0C91BC942}") = "Lab4", "Lab4\Lab4.vcxproj", "{8D1423C2-5699-43AB-B36F-EC6E5926266D}"
EndProject
Project("{8BC9CEB8-8B4A-11D0-8D11-00A0C91BC942}") = "Lab5", "Lab5\Lab5.vcxproj", "{1C96FAA5-38C9-4A05-9B91-CE610C6C25B6}"
EndProject
Project("{FAE04EC0-301F-11D3-BF4B-00C04F79EFBC}") = "Lab6", "Lab6\Lab6.csproj", "{D3BCEB32-0D3F-4202-AFCF-6BD0E9B3010A}"
EndProject
Project("{FAE04EC0-301F-11D3-BF4B-00C04F79EFBC}") = "Lab7", "Lab7\Lab7.csproj", "{62ECC27F-07B4-4B30-9CE2-62B98455EA38}"
EndProject
Project("{FAE04EC0-301F-11D3-BF4B-00C04F79EFBC}") = "Lab8", "Lab8\Lab8.csproj", "{0573D78A-3613-4912-97D1-A7FB607E6A68}"
EndProject
Global
	GlobalSection(SolutionConfigurationPlatforms) = preSolution
		Debug|Any CPU = Debug|Any CPU
		Debug|x64 = Debug|x64
		Debug|x86 = Debug|x86
		Release|Any CPU = Release|Any CPU
		Release|x64 = Release|x64
		Release|x86 = Release|x86
	EndGlobalSection
	GlobalSection(ProjectConfigurationPlatforms) = postSolution
		{DC2A9875-8646-4CEC-982B-6F36092F01ED}.Debug|Any CPU.ActiveCfg = Debug|Win32
		{DC2A9875-8646-4CEC-982B-6F36092F01ED}.Debug|x64.ActiveCfg = Debug|x64
		{DC2A9875-8646-4CEC-982B-6F36092F01ED}.Debug|x64.Build.0 = Debug|x64
		{DC2A9875-8646-4CEC-982B-6F36092F01ED}.Debug|x86.ActiveCfg = Debug|Win32
		{DC2A9875-8646-4CEC-982B-6F36092F01ED}.Debug|x86.Build.0 = Debug|Win32
		{DC2A9875-8646-4CEC-982B-6F36092F01ED}.Release|Any CPU.ActiveCfg = Release|Win32
		{DC2A9875-8646-4CEC-982B-6F36092F01ED}.Release|x64.ActiveCfg = Release|x64
		{DC2A9875-8646-4CEC-982B-6F36092F01ED}.Release|x64.Build.0 = Release|x64
		{DC2A9875-8646-4CEC-982B-6F36092F01ED}.Release|x86.ActiveCfg = Release|Win32
		{DC2A9875-8646-4CEC-982B-6F36092F01ED}.Release|x86.Build.0 = Release|Win32
		{F993FE83-7FDE-4FF6-A894-9CFF37603F53}.Debug|Any CPU.ActiveCfg = Debug|Win32
		{F993FE83-7FDE-4FF6-A894-9CFF37603F53}.Debug|x64.ActiveCfg = Debug|x64
		{F993FE83-7FDE-4FF6-A894-9CFF37603F53}.Debug|x64.Build.0 = Debug|x64
		{F993FE83-7FDE-4FF6-A894-9CFF37603F53}.Debug|x86.ActiveCfg = Debug|Win32
		{F993FE83-7FDE-4FF6-A894-9CFF37603F53}.Debug|x86.Build.0 = Debug|Win32
		{F993FE83-7FDE-4FF6-A894-9CFF37603F53}.Release|Any CPU.ActiveCfg = Release|Win32
		{F993FE83-7FDE-4FF6-A894-9CFF37603F53}.Release|x64.ActiveCfg = Release|x64
		{F993FE83-7FDE-4FF6-A894-9CFF37603F53}.Release|x64.Build.0 = Release|x64
		{F993FE83-7FDE-4FF6-A894-9CFF37603F53}.Release|x86.ActiveCfg = Release|Win32
		{F993FE83-7FDE-4FF6-A894-9CFF37603F53}.Release|x86.Build.0 = Release|Win32
		{F6952ED1-47C0-4237-8794-3A40EEF28F88}.Debug|Any CPU.ActiveCfg = Debug|Win32
		{F6952ED1-47C0-4237-8794-3A40EEF28F88}.Debug|x64.ActiveCfg = Debug|x64
		{F6952ED1-47C0-4237-8794-3A40EEF28F88}.Debug|x64.Build.0 = Debug|x64
		{F6952ED1-47C0-4237-8794-3A40EEF28F88}.Debug|x86.ActiveCfg = Debug|Win32
		{F6952ED1-47C0-4237-8794-3A40EEF28F88}.Debug|x86.Build.0 = Debug|Win32
		{F6952ED1-47C0-4237-8794-3A40EEF28F88}.Release|Any CPU.ActiveCfg = Release|Win32
		{F6952ED1-47C0-4237-8794-3A40EEF28F88}.Release|x64.ActiveCfg = Release|x64
		{F6952ED1-47C0-4237-8794-3A40EEF28F88}.Release|x64.Build.0 = Release|x64
		{F6952ED1-47C0-4237-8794-3A40EEF28F88}.Release|x86.ActiveCfg = Release|Win32
		{F6952ED1-47C0-4237-8794-3A40EEF28F88}.Release|x86.Build.0 = Release|Win32
		{8D1423C2-5699-43AB-B36F-EC6E5926266D}.Debug|Any CPU.ActiveCfg = Debug|Win32
		{8D1423C2-5699-43AB-B36F-EC6E5926266D}.Debug|x64.ActiveCfg = Debug|x64
		{8D1423C2-5699-43AB-B36F-EC6E5926266D}.Debug|x64.Build.0 = Debug|x64
		{8D1423C2-5699-43AB-B36F-EC6E5926266D}.Debug|x86.ActiveCfg = Debug|Win32
		{8D1423C2-5699-43AB-B36F-EC6E5926266D}.Debug|x86.Build.0 = Debug|Win32
		{8D1423C2-5699-43AB-B36F-EC6E5926266D}.Release|Any CPU.ActiveCfg = Release|Win32
		{8D1423C2-5699-43AB-B36F-EC6E5926266D}.Release|x64.ActiveCfg = Release|x64
		{8D1423C2-5699-43AB-B36F-EC6E5926266D}.Release|x64.Build.0 = Release|x64
		{8D1423C2-5699-43AB-B36F-EC6E5926266D}.Release|x86.ActiveCfg = Release|Win32
		{8D1423C2-5699-43AB-B36F-EC6E5926266D}.Release|x86.Build.0 = Release|Win32
		{1C96FAA5-38C9-4A05-9B91-CE610C6C25B6}.Debug|Any CPU.ActiveCfg = Debug|Win32
		{1C96FAA5-38C9-4A05-9B91-CE610C6C25B6}.Debug|x64.ActiveCfg = Debug|x64
		{1C96FAA5-38C9-4A05-9B91-CE610C6C25B6}.Debug|x64.Build.0 = Debug|x64
		{1C96FAA5-38C9-4A05-9B91-CE610C6C25B6}.Debug|x86.ActiveCfg = Debug|Win32
		{1C96FAA5-38C9-4A05-9B91-CE610C6C25B6}.Debug|x86.Build.0 = Debug|Win32
		{1C96FAA5-38C9-4A05-9B91-CE610C6C25B6}.Release|Any CPU.ActiveCfg = Release|Win32
		{1C96FAA5-38C9-4A05-9B91-CE610C6C25B6}.Release|x64.ActiveCfg = Release|x64
		{1C96FAA5-38C9-4A05-9B91-CE610C6C25B6}.Release|x64.Build.0 = Release|x64
		{1C96FAA5-38C9-4A05-9B91-CE610C6C25B6}.Release|x86.ActiveCfg = Release|Win32
		{1C96FAA5-38C9-4A05-9B91-CE610C6C25B6}.Release|x86.Build.0 = Release|Win32
		{D3BCEB32-0D3F-4202-AFCF-6BD0E9B3010A}.Debug|Any CPU.ActiveCfg = Debug|Any CPU
		{D3BCEB32-0D3F-4202-AFCF-6BD0E9B3010A}.Debug|Any CPU.Build.0 = Debug|Any CPU
		{D3BCEB32-0D3F-4202-AFCF-6BD0E9B3010A}.Debug|x64.ActiveCfg = Debug|Any CPU
		{D3BCEB32-0D3F-4202-AFCF-6BD0E9B3010A}.Debug|x64.Build.0 = Debug|Any CPU
		{D3BCEB32-0D3F-4202-AFCF-6BD0E9B3010A}.Debug|x86.ActiveCfg = Debug|Any CPU
		{D3BCEB32-0D3F-4202-AFCF-6BD0E9B3010A}.Debug|x86.Build.0 = Debug|Any CPU
		{D3BCEB32-0D3F-4202-AFCF-6BD0E9B3010A}.Release|Any CPU.ActiveCfg = Release|Any CPU
		{D3BCEB32-0D3F-4202-AFCF-6BD0E9B3010A}.Release|Any CPU.Build.0 = Release|Any CPU
		{D3BCEB32-0D3F-4202-AFCF-6BD0E9B3010A}.Release|x64.ActiveCfg = Release|Any CPU
		{D3BCEB32-0D3F-4202-AFCF-6BD0E9B3010A}.Release|x64.Build.0 = Release|Any CPU
		{D3BCEB32-0D3F-4202-AFCF-6BD0E9B3010A}.Release|x86.ActiveCfg = Release|Any CPU
		{D3BCEB32-0D3F-4202-AFCF-6BD0E9B3010A}.Release|x86.Build.0 = Release|Any CPU
		{62ECC27F-07B4-4B30-9CE2-62B98455EA38}.Debug|Any CPU.ActiveCfg = Debug|Any CPU
		{62ECC27F-07B4-4B30-9CE2-62B98455EA38}.Debug|Any CPU.Build.0 = Debug|Any CPU
		{62ECC27F-07B4-4B30-9CE2-62B98455EA38}.Debug|x64.ActiveCfg = Debug|Any CPU
		{62ECC27F-07B4-4B30-9CE2-62B98455EA38}.Debug|x64.Build.0 = Debug|Any CPU
		{62ECC27F-07B4-4B30-9CE2-62B98455EA38}.Debug|x86.ActiveCfg = Debug|Any CPU
		{62ECC27F-07B4-4B30-9CE2-62B98455EA38}.Debug|x86.Build.0 = Debug|Any CPU
		{62ECC27F-07B4-4B30-9CE2-62B98455EA38}.Release|Any CPU.ActiveCfg = Release|Any CPU
		{62ECC27F-07B4-4B30-9CE2-62B98455EA38}.Release|Any CPU.Build.0 = Release|Any CPU
		{62ECC27F-07B4-4B30-9CE2-62B98455EA38}.Release|x64.ActiveCfg = Release|Any CPU
		{62ECC27F-07B4-4B30-9CE2-62B98455EA38}.Release|x64.Build.0 = Release|Any CPU
		{62ECC27F-07B4-4B30-9CE2-62B98455EA38}.Release|x86.ActiveCfg = Release|Any CPU
		{62ECC27F-07B4-4B30-9CE2-62B98455EA38}.Release|x86.Build.0 = Release|Any CPU
		{0573D78A-3613-4912-97D1-A7FB607E6A68}.Debug|Any CPU.ActiveCfg = Debug|Any CPU
		{0573D78A-3613-4912-97D1-A7FB607E6A68}.Debug|Any CPU.Build.0 = Debug|Any CPU
		{0573D78A-3613-4912-97D1-A7FB607E6A68}.Debug|x64.ActiveCfg = Debug|Any CPU
		{0573D78A-3613-4912-97D1-A7FB607E6A68}.Debug|x64.Build.0 = Debug|Any CPU
		{0573D78A-3613-4912-97D1-A7FB607E6A68}.Debug|x86.ActiveCfg = Debug|Any CPU
		{0573D78A-3613-4912-97D1-A7FB607E6A68}.Debug|x86.Build.0 = Debug|Any CPU
		{0573D78A-3613-4912-97D1-A7FB607E6A68}.Release|Any CPU.ActiveCfg = Release|Any CPU
		{0573D78A-3613-4912-97D1-A7FB607E6A68}.Release|Any CPU.Build.0 = Release|Any CPU
		{0573D78A-3613-4912-97D1-A7FB607E6A68}.Release|x64.ActiveCfg = Release|Any CPU
		{0573D78A-3613-4912-97D1-A7FB607E6A68}.Release|x64.Build.0 = Release|Any CPU
		{0573D78A-3613-4912-97D1-A7FB607E6A68}.Release|x86.ActiveCfg = Release|Any CPU
		{0573D78A-3613-4912-97D1-A7FB607E6A68}.Release|x86.Build.0 = Release|Any CPU
	EndGlobalSection
	GlobalSection(SolutionProperties) = preSolution
		HideSolutionNode = FALSE
	EndGlobalSection
	GlobalSection(ExtensibilityGlobals) = postSolution
		SolutionGuid = {38AF8F72-12E4-4BEB-86E0-18D42E13824C}
	EndGlobalSection
EndGlobal
